
Microsoft Visual Studio Solution File, Format Version 12.00
# Visual Studio Version 16
VisualStudioVersion = 16.0.31911.196
MinimumVisualStudioVersion = 10.0.40219.1
Project("{FAE04EC0-301F-11D3-BF4B-00C04F79EFBC}") = "BIDESH_BUDDY", "WindowsFormsApp1\BIDESH_BUDDY.csproj", "{4779AC13-13FA-4190-AE9D-0681AE191206}"
EndProject
Global
	GlobalSection(SolutionConfigurationPlatforms) = preSolution
		Debug|Any CPU = Debug|Any CPU
		Release|Any CPU = Release|Any CPU
	EndGlobalSection
	GlobalSection(ProjectConfigurationPlatforms) = postSolution
		{4779AC13-13FA-4190-AE9D-0681AE191206}.Debug|Any CPU.ActiveCfg = Debug|Any CPU
		{4779AC13-13FA-4190-AE9D-0681AE191206}.Debug|Any CPU.Build.0 = Debug|Any CPU
		{4779AC13-13FA-4190-AE9D-0681AE191206}.Release|Any CPU.ActiveCfg = Release|Any CPU
		{4779AC13-13FA-4190-AE9D-0681AE191206}.Release|Any CPU.Build.0 = Release|Any CPU
	EndGlobalSection
	GlobalSection(SolutionProperties) = preSolution
		HideSolutionNode = FALSE
	EndGlobalSection
	GlobalSection(ExtensibilityGlobals) = postSolution
		SolutionGuid = {E20C47D8-3EBD-440E-8A1F-E38CC6A5C782}
	EndGlobalSection
EndGlobal
